<Solution>
  <Folder Name="/src/Resources/">
    <Project Path="src/Resources/Luxel.AssetRuntime/Luxel.AssetRuntime.csproj" />
    <Project Path="src/Resources/Luxel.Assets.Gltf/Luxel.Assets.Gltf.csproj" />
    <Project Path="src/Resources/Luxel.Assets/Luxel.Assets.csproj" />
    <Project Path="src/Resources/Luxel.AssetsGpu/Luxel.AssetsGpu.csproj" />
    <Project Path="src/Resources/Luxel.Imaging/Luxel.Imaging.csproj" />
    <Project Path="src/Resources/Luxel.Resources.Browser/Luxel.Resources.Browser.csproj" />
    <Project Path="src/Resources/Luxel.Resources.Gallery/Luxel.Resources.Gallery.csproj" />
    <Project Path="src/Resources/Luxel.Resources/Luxel.Resources.csproj" />
  </Folder>
  <Folder Name="/src/Audio/">
    <Project Path="src/Audio/Luxel.Audio.Browser/Luxel.Audio.Browser.csproj" />
    <Project Path="src/Audio/Luxel.Audio.Gallery/Luxel.Audio.Gallery.csproj" />
    <Project Path="src/Audio/Luxel.Audio.Silk/Luxel.Audio.Silk.csproj" />
    <Project Path="src/Audio/Luxel.Audio.Windows/Luxel.Audio.Windows.csproj" />
    <Project Path="src/Audio/Luxel.Audio/Luxel.Audio.csproj" />
  </Folder>
  <Folder Name="/src/UI/">
    <Project Path="src/UI/Luxel.Controls/Luxel.Controls.csproj" />
    <Project Path="src/UI/Luxel.Diagram/Luxel.Diagram.csproj" />
    <Project Path="src/UI/Luxel.Document/Luxel.Document.csproj" />
    <Project Path="src/UI/Luxel.Highlight.TextMate/Luxel.Highlight.TextMate.csproj" />
    <Project Path="src/UI/Luxel.MathText/Luxel.MathText.csproj" />
    <Project Path="src/UI/Luxel.NodeGraph/Luxel.NodeGraph.csproj" />
    <Project Path="src/UI/Luxel.ValueDocument/Luxel.ValueDocument.csproj" />
    <Project Path="src/UI/Luxel.UI.Gallery/Luxel.UI.Gallery.csproj" />
    <Project Path="src/UI/Luxel.UI.Tailwind/Luxel.UI.Tailwind.csproj" />
    <Project Path="src/UI/Luxel.UI/Luxel.UI.csproj" />
  </Folder>
  <Folder Name="/src/Graphics/">
    <Project Path="src/Graphics/Luxel.Graphics.DirectX12/Luxel.Graphics.DirectX12.csproj" />
    <Project Path="src/Graphics/Luxel.Graphics.Gallery/Luxel.Graphics.Gallery.csproj" />
    <Project Path="src/Graphics/Luxel.Graphics.MessagePipe/Luxel.Graphics.MessagePipe.csproj" />
    <Project Path="src/Graphics/Luxel.Graphics.RenderGraph/Luxel.Graphics.RenderGraph.csproj" />
    <Project Path="src/Graphics/Luxel.Graphics.RenderSystem/Luxel.Graphics.RenderSystem.csproj" />
    <Project Path="src/Graphics/Luxel.Graphics.TwoD.Skia/Luxel.Graphics.TwoD.Skia.csproj" />
    <Project Path="src/Graphics/Luxel.Graphics.TwoD/Luxel.Graphics.TwoD.csproj" />
    <Project Path="src/Graphics/Luxel.Graphics.Vulkan/Luxel.Graphics.Vulkan.csproj" />
    <Project Path="src/Graphics/Luxel.Graphics.WebGPU.Browser/Luxel.Graphics.WebGPU.Browser.csproj" />
    <Project Path="src/Graphics/Luxel.Graphics.WebGPU/Luxel.Graphics.WebGPU.csproj" />
    <Project Path="src/Graphics/Luxel.Graphics/Luxel.Graphics.csproj" />
    <Project Path="src/Graphics/Luxel.Shaders.Slang.Browser/Luxel.Shaders.Slang.Browser.csproj" />
    <Project Path="src/Graphics/Luxel.Shaders.Slang.Native/Luxel.Shaders.Slang.Native.csproj" />
    <Project Path="src/Graphics/Luxel.Shaders/Luxel.Shaders.csproj" />
    <Project Path="src/Graphics/Luxel.Typography.Icu/Luxel.Typography.Icu.csproj" />
    <Project Path="src/Graphics/Luxel.Typography.TwoD/Luxel.Typography.TwoD.csproj" />
    <Project Path="src/Graphics/Luxel.Typography/Luxel.Typography.csproj" />
  </Folder>
  <Folder Name="/src/Platform/">
    <Project Path="src/Platform/Luxel.Platform.Gallery.Native/Luxel.Platform.Gallery.Native.csproj" />
    <Project Path="src/Platform/Luxel.Platform.Gallery/Luxel.Platform.Gallery.csproj" />
    <Project Path="src/Platform/Luxel.Platform.Silk/Luxel.Platform.Silk.csproj" />
    <Project Path="src/Platform/Luxel.Platform.Web/Luxel.Platform.Web.csproj" />
    <Project Path="src/Platform/Luxel.Platform.Windows/Luxel.Platform.Windows.csproj" />
    <Project Path="src/Platform/Luxel.Platform/Luxel.Platform.csproj" />
    <Project Path="src/Platform/Luxel.Terminal.Linux/Luxel.Terminal.Linux.csproj" />
    <Project Path="src/Platform/Luxel.Terminal.Windows/Luxel.Terminal.Windows.csproj" />
  </Folder>
  <Folder Name="/src/Input/">
    <Project Path="src/Input/Luxel.Input.Gallery/Luxel.Input.Gallery.csproj" />
    <Project Path="src/Input/Luxel.Input.XInput/Luxel.Input.XInput.csproj" />
    <Project Path="src/Input/Luxel.Input/Luxel.Input.csproj" />
  </Folder>
  <Folder Name="/src/Framework/">
    <Project Path="src/Framework/Luxel.Ecs.Signal/Luxel.Ecs.Signal.csproj" />
    <Project Path="src/Framework/Luxel.Ecs/Luxel.Ecs.csproj" />
    <Project Path="src/Framework/Luxel.Framework.Gallery/Luxel.Framework.Gallery.csproj" />
    <Project Path="src/Framework/Luxel.Framework.Game.Browser/Luxel.Framework.Game.Browser.csproj" />
    <Project Path="src/Framework/Luxel.Framework.Game.Native/Luxel.Framework.Game.Native.csproj" />
    <Project Path="src/Framework/Luxel.Framework.Game/Luxel.Framework.Game.csproj" />
    <Project Path="src/Framework/Luxel.Framework.UI/Luxel.Framework.UI.csproj" />
    <Project Path="src/Framework/Luxel.Physics.Gizmos/Luxel.Physics.Gizmos.csproj" />
    <Project Path="src/Framework/Luxel.Physics/Luxel.Physics.csproj" />
    <Project Path="src/Framework/Luxel.Player.App/Luxel.Player.App.csproj" />
    <Project Path="src/Framework/Luxel.Player/Luxel.Player.csproj" />
    <Project Path="src/Framework/Luxel.Scene.UI/Luxel.Scene.UI.csproj" />
    <Project Path="src/Framework/Luxel.Settings/Luxel.Settings.csproj" />
  </Folder>
  <Folder Name="/src/Animation/">
    <Project Path="src/Animation/Luxel.Animation.Gallery/Luxel.Animation.Gallery.csproj" />
    <Project Path="src/Animation/Luxel.Animation.ThreeD/Luxel.Animation.ThreeD.csproj" />
    <Project Path="src/Animation/Luxel.Animation.TwoD/Luxel.Animation.TwoD.csproj" />
    <Project Path="src/Animation/Luxel.Animation.UI/Luxel.Animation.UI.csproj" />
    <Project Path="src/Animation/Luxel.Animation/Luxel.Animation.csproj" />
  </Folder>
  <Folder Name="/src/Particles/">
    <Project Path="src/Particles/Luxel.Particles.Gallery/Luxel.Particles.Gallery.csproj" />
    <Project Path="src/Particles/Luxel.Particles.ThreeD/Luxel.Particles.ThreeD.csproj" />
    <Project Path="src/Particles/Luxel.Particles.TwoD/Luxel.Particles.TwoD.csproj" />
    <Project Path="src/Particles/Luxel.Particles.UI/Luxel.Particles.UI.csproj" />
    <Project Path="src/Particles/Luxel.Particles/Luxel.Particles.csproj" />
  </Folder>
  <Folder Name="/src/Scripting/">
    <Project Path="src/Scripting/Luxel.Scripting.Framework/Luxel.Scripting.Framework.csproj" />
    <Project Path="src/Scripting/Luxel.Scripting.Gallery.Native/Luxel.Scripting.Gallery.Native.csproj" />
    <Project Path="src/Scripting/Luxel.Scripting.Gallery/Luxel.Scripting.Gallery.csproj" />
    <Project Path="src/Scripting/Luxel.Scripting.Roslyn.Web/Luxel.Scripting.Roslyn.Web.csproj" />
    <Project Path="src/Scripting/Luxel.Scripting/Luxel.Scripting.csproj" />
    <Project Path="src/Scripting/Luxel.Strudel/Luxel.Strudel.csproj" />
  </Folder>
  <Folder Name="/src/Editor/">
    <Project Path="src/Editor/Luxel.Editor.UI/Luxel.Editor.UI.csproj" />
    <Project Path="src/Editor/Luxel.Editor.Browser/Luxel.Editor.Browser.csproj" />
    <Project Path="src/Editor/Luxel.Editor.Native/Luxel.Editor.Native.csproj" />
    <Project Path="src/Editor/Luxel.Editor.Gallery.Native/Luxel.Editor.Gallery.Native.csproj" />
    <Project Path="src/Editor/Luxel.Editor.Gallery/Luxel.Editor.Gallery.csproj" />
    <Project Path="src/Editor/Luxel.SceneEdit/Luxel.SceneEdit.csproj" />
    <Project Path="src/Editor/Luxel.Terminal.UI/Luxel.Terminal.UI.csproj" />
    <Project Path="src/Editor/Luxel.Terminal/Luxel.Terminal.csproj" />
    <Project Path="src/Editor/Luxel.Workbench/Luxel.Workbench.csproj" />
  </Folder>
  <Folder Name="/src/DevTools/">
    <Project Path="src/DevTools/Luxel.DevTools.App/Luxel.DevTools.App.csproj" />
    <Project Path="src/DevTools/Luxel.DevTools.Gallery/Luxel.DevTools.Gallery.csproj" />
    <Project Path="src/DevTools/Luxel.DevTools/Luxel.DevTools.csproj" />
    <Project Path="src/DevTools/Luxel.Diagnostics/Luxel.Diagnostics.csproj" />
    <Project Path="src/DevTools/Luxel.Framework.DevTools/Luxel.Framework.DevTools.csproj" />
  </Folder>
  <Folder Name="/src/GamesSamples/">
    <Project Path="src/GamesSamples/Luxel.GamesSamples.Gallery/Luxel.GamesSamples.Gallery.csproj" />
  </Folder>
  <Folder Name="/src/Shared/">
    <Project Path="src/Shared/Luxel.Mathematics/Luxel.Mathematics.csproj" />
    <Project Path="src/Shared/Luxel.UI.Generators/Luxel.UI.Generators.csproj" />
  </Folder>
  <Folder Name="/src/Gallery/">
    <Project Path="src/Gallery/Luxel.Gallery.Browser/Luxel.Gallery.Browser.csproj" />
    <Project Path="src/Gallery/Luxel.Gallery.DocKit/Luxel.Gallery.DocKit.csproj" />
    <Project Path="src/Gallery/Luxel.Gallery.Docs/Luxel.Gallery.Docs.csproj" />
    <Project Path="src/Gallery/Luxel.Gallery.Generators/Luxel.Gallery.Generators.csproj" />
    <Project Path="src/Gallery/Luxel.Gallery.Native/Luxel.Gallery.Native.csproj" />
    <Project Path="src/Gallery/Luxel.Gallery.Playground/Luxel.Gallery.Playground.csproj" />
    <Project Path="src/Gallery/Luxel.Gallery.Rendering/Luxel.Gallery.Rendering.csproj" />
    <Project Path="src/Gallery/Luxel.Gallery.Stories/Luxel.Gallery.Stories.csproj" />
    <Project Path="src/Gallery/Luxel.Gallery.UI/Luxel.Gallery.UI.csproj" />
    <Project Path="src/Gallery/Luxel.Gallery/Luxel.Gallery.csproj" />
  </Folder>
  <Folder Name="/editor/">
    <Project Path="editor/EditorBrowser/EditorBrowser.csproj" />
    <Project Path="editor/EditorNative/Luxel.Editor.Native.csproj" />
  </Folder>
  <Folder Name="/gallery/">
    <Project Path="gallery/GalleryBrowser/GalleryBrowser.csproj" />
    <Project Path="gallery/GalleryE2E.Native/GalleryE2E.Native.csproj" />
    <Project Path="gallery/GalleryNative/GalleryNative.csproj" />
  </Folder>
  <Folder Name="/samples/">
    <Project Path="samples/LuxelAudio/LuxelAudio.csproj" />
    <Project Path="samples/LuxelAudioBrowser/LuxelAudioBrowser.csproj" />
    <Project Path="samples/LuxelEditorBrowser/LuxelEditorBrowser.csproj" />
    <Project Path="samples/LuxelCavern/LuxelCavern.Core/LuxelCavern.Core.csproj" />
    <Project Path="samples/LuxelCavern/LuxelCavern/LuxelCavern.csproj" />
    <Project Path="samples/LuxelFramework/LuxelFramework.csproj" />
    <Project Path="samples/LuxelInput/LuxelInput.csproj" />
    <Project Path="samples/LuxelPlaygroundBrowser/LuxelPlaygroundBrowser.csproj" />
    <Project Path="samples/LuxelRange/LuxelRange.Core/LuxelRange.Core.csproj" />
    <Project Path="samples/LuxelRange/LuxelRange/LuxelRange.csproj" />
    <Project Path="samples/LuxelResources/LuxelResources.csproj" />
    <Project Path="samples/LuxelTerminal/LuxelTerminal.csproj" />
    <Project Path="samples/LuxelTriangle/LuxelTriangle.csproj" />
    <Project Path="samples/LuxelTwoD/LuxelTwoD.csproj" />
    <Project Path="samples/LuxelUiHeadless/LuxelUiHeadless.csproj" />
    <Project Path="samples/LuxelWebGpuHeadless/LuxelWebGpuHeadless.csproj" />
  </Folder>
  <Folder Name="/tests/Animation/">
    <Project Path="tests/Animation/Luxel.Animation.Tests/Luxel.Animation.Tests.csproj" />
  </Folder>
  <Folder Name="/tests/Audio/">
    <Project Path="tests/Audio/Luxel.Audio.Browser.Tests/Luxel.Audio.Browser.Tests.csproj" />
    <Project Path="tests/Audio/Luxel.Audio.Silk.Tests/Luxel.Audio.Silk.Tests.csproj" />
    <Project Path="tests/Audio/Luxel.Audio.Tests/Luxel.Audio.Tests.csproj" />
  </Folder>
  <Folder Name="/tests/DevTools/">
    <Project Path="tests/DevTools/Luxel.DevTools.Tests/Luxel.DevTools.Tests.csproj" />
  </Folder>
  <Folder Name="/tests/Editor/">
    <Project Path="tests/Editor/Luxel.Editor.Tests/Luxel.Editor.Tests.csproj" />
    <Project Path="tests/Editor/Luxel.Terminal.Tests/Luxel.Terminal.Tests.csproj" />
    <Project Path="tests/Editor/Luxel.Terminal.UI.Tests/Luxel.Terminal.UI.Tests.csproj" />
    <Project Path="tests/Editor/Luxel.Editor.Browser.Tests/Luxel.Editor.Browser.Tests.csproj" />
    <Project Path="tests/Editor/Luxel.Editor.Browser.E2E.Tests/Luxel.Editor.Browser.E2E.Tests.csproj" />
    <Project Path="tests/Editor/Luxel.Editor.Native.Tests/Luxel.Editor.Native.Tests.csproj" />
  </Folder>
  <Folder Name="/tests/Framework/">
    <Project Path="tests/Framework/Luxel.Framework.Tests/Luxel.Framework.Tests.csproj" />
    <Project Path="tests/Framework/Luxel.Framework.UI.Tests/Luxel.Framework.UI.Tests.csproj" />
  </Folder>
  <Folder Name="/tests/Gallery/">
    <Project Path="tests/Gallery/Luxel.E2e.Tests/Luxel.E2e.Tests.csproj" />
    <Project Path="tests/Gallery/Luxel.Gallery.Browser.E2E.Tests/Luxel.Gallery.Browser.E2E.Tests.csproj" />
    <Project Path="tests/Gallery/Luxel.Gallery.Generators.Tests/Luxel.Gallery.Generators.Tests.csproj" />
    <Project Path="tests/Gallery/Luxel.Gallery.Playground.Tests/Luxel.Gallery.Playground.Tests.csproj" />
    <Project Path="tests/Gallery/Luxel.Gallery.Site.Tests/Luxel.Gallery.Site.Tests.csproj" />
    <Project Path="tests/Gallery/Luxel.Gallery.Tests/Luxel.Gallery.Tests.csproj" />
  </Folder>
  <Folder Name="/tests/GamesSamples/">
    <Project Path="tests/GamesSamples/Luxel.GamesSamples.Tests/Luxel.GamesSamples.Tests.csproj" />
  </Folder>
  <Folder Name="/tests/Graphics/">
    <Project Path="tests/Graphics/Luxel.Graphics.MessagePipe.Tests/Luxel.Graphics.MessagePipe.Tests.csproj" />
    <Project Path="tests/Graphics/Luxel.Graphics.RenderSystem.Tests/Luxel.Graphics.RenderSystem.Tests.csproj" />
    <Project Path="tests/Graphics/Luxel.Graphics.Tests/Luxel.Graphics.Tests.csproj" />
    <Project Path="tests/Graphics/Luxel.Shaders.Tests/Luxel.Shaders.Tests.csproj" />
    <Project Path="tests/Graphics/Luxel.Vulkan.Present.Tests/Luxel.Vulkan.Present.Tests.csproj" />
    <Project Path="tests/Graphics/Luxel.Vulkan.Tests/Luxel.Vulkan.Tests.csproj" />
    <Project Path="tests/Graphics/Luxel.WebGPU.Browser.Tests/Luxel.WebGPU.Browser.Tests.csproj" />
    <Project Path="tests/Graphics/Luxel.WebGPU.Present.Tests/Luxel.WebGPU.Present.Tests.csproj" />
    <Project Path="tests/Graphics/Luxel.WebGPU.Tests/Luxel.WebGPU.Tests.csproj" />
  </Folder>
  <Folder Name="/tests/Input/">
    <Project Path="tests/Input/Luxel.Input.Tests/Luxel.Input.Tests.csproj" />
  </Folder>
  <Folder Name="/tests/Particles/">
    <Project Path="tests/Particles/Luxel.Particles.Tests/Luxel.Particles.Tests.csproj" />
  </Folder>
  <Folder Name="/tests/Platform/">
    <Project Path="tests/Platform/Luxel.Platform.Silk.Tests/Luxel.Platform.Silk.Tests.csproj" />
    <Project Path="tests/Platform/Luxel.Platform.Tests/Luxel.Platform.Tests.csproj" />
    <Project Path="tests/Platform/Luxel.Platform.Web.Tests/Luxel.Platform.Web.Tests.csproj" />
    <Project Path="tests/Platform/Luxel.Terminal.Linux.Tests/Luxel.Terminal.Linux.Tests.csproj" />
    <Project Path="tests/Platform/Luxel.Terminal.Windows.Tests/Luxel.Terminal.Windows.Tests.csproj" />
  </Folder>
  <Folder Name="/tests/Resources/">
    <Project Path="tests/Resources/Luxel.Resources.Browser.Tests/Luxel.Resources.Browser.Tests.csproj" />
    <Project Path="tests/Resources/Luxel.Resources.Tests/Luxel.Resources.Tests.csproj" />
  </Folder>
  <Folder Name="/tests/Scripting/">
    <Project Path="tests/Scripting/Luxel.Scripting.Roslyn.Web.Tests/Luxel.Scripting.Roslyn.Web.Tests.csproj" />
    <Project Path="tests/Scripting/Luxel.Scripting.Tests/Luxel.Scripting.Tests.csproj" />
  </Folder>
  <Folder Name="/tests/Shared/">
    <Project Path="tests/Shared/Luxel.Shared.Tests/Luxel.Shared.Tests.csproj" />
  </Folder>
  <Folder Name="/tests/UI/">
    <Project Path="tests/UI/Luxel.UI.Tests/Luxel.UI.Tests.csproj" />
    <Project Path="tests/UI/Luxel.ValueDocument.Tests/Luxel.ValueDocument.Tests.csproj" />
  </Folder>
</Solution>
