<Solution>
  <Folder Name="/src/">
    <Project Path="src/Luxel.Animation.ThreeD/Luxel.Animation.ThreeD.csproj" />
    <Project Path="src/Luxel.Animation.TwoD/Luxel.Animation.TwoD.csproj" />
    <Project Path="src/Luxel.Animation.UI/Luxel.Animation.UI.csproj" />
    <Project Path="src/Luxel.Animation/Luxel.Animation.csproj" />
    <Project Path="src/Luxel.AssetRuntime/Luxel.AssetRuntime.csproj" />
    <Project Path="src/Luxel.Assets/Luxel.Assets.csproj" />
    <Project Path="src/Luxel.AssetsGpu/Luxel.AssetsGpu.csproj" />
    <Project Path="src/Luxel.Audio/Luxel.Audio.csproj" />
    <Project Path="src/Luxel.Controls/Luxel.Controls.csproj" />
    <Project Path="src/Luxel.D3D12/Luxel.D3D12.csproj" />
    <Project Path="src/Luxel.DevTools.App/Luxel.DevTools.App.csproj" />
    <Project Path="src/Luxel.DevTools/Luxel.DevTools.csproj" />
    <Project Path="src/Luxel.Diagram/Luxel.Diagram.csproj" />
    <Project Path="src/Luxel.Ecs.Signal/Luxel.Ecs.Signal.csproj" />
    <Project Path="src/Luxel.Ecs/Luxel.Ecs.csproj" />
    <Project Path="src/Luxel.Document/Luxel.Document.csproj" />
    <Project Path="src/Luxel.Framework.DevTools/Luxel.Framework.DevTools.csproj" />
    <Project Path="src/Luxel.Framework/Luxel.Framework.csproj" />
    <Project Path="src/Luxel.Gallery/Luxel.Gallery.csproj" />
    <Project Path="src/Luxel.Gltf/Luxel.Gltf.csproj" />
    <Project Path="src/Luxel.Highlight.TextMate/Luxel.Highlight.TextMate.csproj" />
    <Project Path="src/Luxel.Imaging/Luxel.Imaging.csproj" />
    <Project Path="src/Luxel.Input/Luxel.Input.csproj" />
    <Project Path="src/Luxel.MathText/Luxel.MathText.csproj" />
    <Project Path="src/Luxel.NodeGraph/Luxel.NodeGraph.csproj" />
    <Project Path="src/Luxel.Player.App/Luxel.Player.App.csproj" />
    <Project Path="src/Luxel.Player/Luxel.Player.csproj" />
    <Project Path="src/Luxel.SceneEdit/Luxel.SceneEdit.csproj" />
    <Project Path="src/Luxel.Workbench/Luxel.Workbench.csproj" />
    <Project Path="src/Luxel.Particles.ThreeD/Luxel.Particles.ThreeD.csproj" />
    <Project Path="src/Luxel.Particles.TwoD/Luxel.Particles.TwoD.csproj" />
    <Project Path="src/Luxel.Particles.UI/Luxel.Particles.UI.csproj" />
    <Project Path="src/Luxel.Particles/Luxel.Particles.csproj" />
    <Project Path="src/Luxel.Physics.Gizmos/Luxel.Physics.Gizmos.csproj" />
    <Project Path="src/Luxel.Physics/Luxel.Physics.csproj" />
    <Project Path="src/Luxel.Platform.Silk/Luxel.Platform.Silk.csproj" />
    <Project Path="src/Luxel.Platform/Luxel.Platform.csproj" />
    <Project Path="src/Luxel.RenderGraph/Luxel.RenderGraph.csproj" />
    <Project Path="src/Luxel.Resources/Luxel.Resources.csproj" />
    <Project Path="src/Luxel.Scene.UI/Luxel.Scene.UI.csproj" />
    <Project Path="src/Luxel.Settings/Luxel.Settings.csproj" />
    <Project Path="src/Luxel.Scripting.Framework/Luxel.Scripting.Framework.csproj" />
    <Project Path="src/Luxel.Scripting/Luxel.Scripting.csproj" />
    <Project Path="src/Luxel.Strudel/Luxel.Strudel.csproj" />
    <Project Path="src/Luxel.TwoD.Skia/Luxel.TwoD.Skia.csproj" />
    <Project Path="src/Luxel.TwoD/Luxel.TwoD.csproj" />
    <Project Path="src/Luxel.Typography.Icu/Luxel.Typography.Icu.csproj" />
    <Project Path="src/Luxel.Typography/Luxel.Typography.csproj" />
    <Project Path="src/Luxel.UI.App/Luxel.UI.App.csproj" />
    <Project Path="src/Luxel.UI.Generators/Luxel.UI.Generators.csproj" />
    <Project Path="src/Luxel.UI.Tailwind/Luxel.UI.Tailwind.csproj" />
    <Project Path="src/Luxel.UI/Luxel.UI.csproj" />
    <Project Path="src/Luxel.Vulkan/Luxel.Vulkan.csproj" />
    <Project Path="src/Luxel/Luxel.csproj" />
  </Folder>
  <Folder Name="/samples/">
    <Project Path="samples/LuxelCavern/LuxelCavern.Core/LuxelCavern.Core.csproj" />
    <Project Path="samples/LuxelCavern/LuxelCavern/LuxelCavern.csproj" />
    <Project Path="samples/LuxelRange/LuxelRange.Core/LuxelRange.Core.csproj" />
    <Project Path="samples/LuxelRange/LuxelRange/LuxelRange.csproj" />
  </Folder>
  <Folder Name="/tests/">
    <Project Path="tests/Luxel.E2e.Tests/Luxel.E2e.Tests.csproj" />
    <Project Path="tests/Luxel.Platform.Silk.Tests/Luxel.Platform.Silk.Tests.csproj" />
    <Project Path="tests/Luxel.Vulkan.Tests/Luxel.Vulkan.Tests.csproj" />
    <Project Path="tests/Luxel.Vulkan.Present.Tests/Luxel.Vulkan.Present.Tests.csproj" />
    <Project Path="tests/Luxel.UI.App.Tests/Luxel.UI.App.Tests.csproj" />
    <Project Path="tests/Luxel.Tests/Luxel.Tests.csproj" />
  </Folder>
</Solution>
